
Microsoft Visual Studio Solution File, Format Version 12.00
# Visual Studio Version 17
VisualStudioVersion = 17.11.35017.193
MinimumVisualStudioVersion = 10.0.40219.1
Project("{9A19103F-16F7-4668-BE54-9A1E7A4F7556}") = "WebApplication1", "WebApplication1\WebApplication1.csproj", "{877B3D02-6F9B-4509-B611-CF700748CA5E}"
EndProject
Project("{9A19103F-16F7-4668-BE54-9A1E7A4F7556}") = "WebApplication.DataAccess", "WebApplication.DataAccess\WebApplication.DataAccess.csproj", "{2616D58A-62E0-47D1-90C7-C9913C8B7C93}"
EndProject
Project("{9A19103F-16F7-4668-BE54-9A1E7A4F7556}") = "WebApplication.Models", "WebApplication.Models\WebApplication.Models.csproj", "{26E8D90D-FEB7-47EF-9AC5-46AF3B330CEC}"
EndProject
Project("{9A19103F-16F7-4668-BE54-9A1E7A4F7556}") = "WebApplication.Utility", "WebApplication.Utility\WebApplication.Utility.csproj", "{C450E6D6-1192-4655-9791-339B11959506}"
EndProject
Global
	GlobalSection(SolutionConfigurationPlatforms) = preSolution
		Debug|Any CPU = Debug|Any CPU
		Release|Any CPU = Release|Any CPU
	EndGlobalSection
	GlobalSection(ProjectConfigurationPlatforms) = postSolution
		{877B3D02-6F9B-4509-B611-CF700748CA5E}.Debug|Any CPU.ActiveCfg = Debug|Any CPU
		{877B3D02-6F9B-4509-B611-CF700748CA5E}.Debug|Any CPU.Build.0 = Debug|Any CPU
		{877B3D02-6F9B-4509-B611-CF700748CA5E}.Release|Any CPU.ActiveCfg = Release|Any CPU
		{877B3D02-6F9B-4509-B611-CF700748CA5E}.Release|Any CPU.Build.0 = Release|Any CPU
		{2616D58A-62E0-47D1-90C7-C9913C8B7C93}.Debug|Any CPU.ActiveCfg = Debug|Any CPU
		{2616D58A-62E0-47D1-90C7-C9913C8B7C93}.Debug|Any CPU.Build.0 = Debug|Any CPU
		{2616D58A-62E0-47D1-90C7-C9913C8B7C93}.Release|Any CPU.ActiveCfg = Release|Any CPU
		{2616D58A-62E0-47D1-90C7-C9913C8B7C93}.Release|Any CPU.Build.0 = Release|Any CPU
		{26E8D90D-FEB7-47EF-9AC5-46AF3B330CEC}.Debug|Any CPU.ActiveCfg = Debug|Any CPU
		{26E8D90D-FEB7-47EF-9AC5-46AF3B330CEC}.Debug|Any CPU.Build.0 = Debug|Any CPU
		{26E8D90D-FEB7-47EF-9AC5-46AF3B330CEC}.Release|Any CPU.ActiveCfg = Release|Any CPU
		{26E8D90D-FEB7-47EF-9AC5-46AF3B330CEC}.Release|Any CPU.Build.0 = Release|Any CPU
		{C450E6D6-1192-4655-9791-339B11959506}.Debug|Any CPU.ActiveCfg = Debug|Any CPU
		{C450E6D6-1192-4655-9791-339B11959506}.Debug|Any CPU.Build.0 = Debug|Any CPU
		{C450E6D6-1192-4655-9791-339B11959506}.Release|Any CPU.ActiveCfg = Release|Any CPU
		{C450E6D6-1192-4655-9791-339B11959506}.Release|Any CPU.Build.0 = Release|Any CPU
	EndGlobalSection
	GlobalSection(SolutionProperties) = preSolution
		HideSolutionNode = FALSE
	EndGlobalSection
	GlobalSection(ExtensibilityGlobals) = postSolution
		SolutionGuid = {016F9A5E-8B8E-4A3A-A8CA-3F1543A8C467}
	EndGlobalSection
EndGlobal
